
Microsoft Visual Studio Solution File, Format Version 12.00
# Visual Studio Version 17
VisualStudioVersion = 17.10.34607.79
MinimumVisualStudioVersion = 10.0.40219.1
Project("{FAE04EC0-301F-11D3-BF4B-00C04F79EFBC}") = "Test_ClientServerInteraction", "Test_ClientServerInteraction\Test_ClientServerInteraction.csproj", "{C8F68F5C-2FC5-46EC-AD35-CBA52A2E7DB0}"
EndProject
Global
	GlobalSection(SolutionConfigurationPlatforms) = preSolution
		Debug|Any CPU = Debug|Any CPU
		Release|Any CPU = Release|Any CPU
	EndGlobalSection
	GlobalSection(ProjectConfigurationPlatforms) = postSolution
		{C8F68F5C-2FC5-46EC-AD35-CBA52A2E7DB0}.Debug|Any CPU.ActiveCfg = Debug|Any CPU
		{C8F68F5C-2FC5-46EC-AD35-CBA52A2E7DB0}.Debug|Any CPU.Build.0 = Debug|Any CPU
		{C8F68F5C-2FC5-46EC-AD35-CBA52A2E7DB0}.Release|Any CPU.ActiveCfg = Release|Any CPU
		{C8F68F5C-2FC5-46EC-AD35-CBA52A2E7DB0}.Release|Any CPU.Build.0 = Release|Any CPU
	EndGlobalSection
	GlobalSection(SolutionProperties) = preSolution
		HideSolutionNode = FALSE
	EndGlobalSection
	GlobalSection(ExtensibilityGlobals) = postSolution
		SolutionGuid = {53978AD8-159E-4FAA-87F7-219217BBA82B}
	EndGlobalSection
EndGlobal
